
Microsoft Visual Studio Solution File, Format Version 12.00
# Visual Studio Version 16
VisualStudioVersion = 16.0.30907.101
MinimumVisualStudioVersion = 10.0.40219.1
Project("{2150E333-8FDC-42A3-9474-1A3956D46DE8}") = "Application", "Application", "{74BE479C-02FC-4B8D-9337-EBF476C7AEAF}"
EndProject
Project("{2150E333-8FDC-42A3-9474-1A3956D46DE8}") = "Domain", "Domain", "{E9E11FBA-6515-4342-BC88-3D205E966269}"
EndProject
Project("{2150E333-8FDC-42A3-9474-1A3956D46DE8}") = "Infra.IoC", "Infra.IoC", "{695776B2-4B4E-4C24-A3FD-7FFE0297619F}"
EndProject
Project("{2150E333-8FDC-42A3-9474-1A3956D46DE8}") = "Infra.Data", "Infra.Data", "{0DFB446A-9467-4DD3-96A9-12F5B80B70D0}"
EndProject
Project("{2150E333-8FDC-42A3-9474-1A3956D46DE8}") = "Presentation", "Presentation", "{A7B1A9A1-350C-4A7B-8BDA-5F1ADB8644B7}"
EndProject
Project("{2150E333-8FDC-42A3-9474-1A3956D46DE8}") = "APIs", "APIs", "{CEDE46E1-2E8A-4B0A-9F0A-2DD8ECDC2782}"
EndProject
Project("{9A19103F-16F7-4668-BE54-9A1E7A4F7556}") = "MyStore.MVC", "MyStore.MVC\MyStore.MVC.csproj", "{A0F9CB54-529D-444C-82E5-FE3FEC3B5320}"
EndProject
Project("{9A19103F-16F7-4668-BE54-9A1E7A4F7556}") = "MyStore.Domain", "MyStore.Domain\MyStore.Domain.csproj", "{9CACC864-8B3A-495C-AB91-119A3A4151D9}"
EndProject
Project("{9A19103F-16F7-4668-BE54-9A1E7A4F7556}") = "MyStore.Infra.Data", "MyStore.Infra.Data\MyStore.Infra.Data.csproj", "{EE454A57-2822-4FCE-A8CF-E2334CA4EAC8}"
EndProject
Project("{9A19103F-16F7-4668-BE54-9A1E7A4F7556}") = "MyStore.Application", "MyStore.Application\MyStore.Application.csproj", "{FAE890D8-D172-48F8-846F-C2C1430CFBA8}"
EndProject
Project("{9A19103F-16F7-4668-BE54-9A1E7A4F7556}") = "MyStore.Infra.IoC", "MyStore.Infra.IoC\MyStore.Infra.IoC.csproj", "{A1AF9050-D8AB-4C76-8B99-7666A9BB1DB7}"
EndProject
Project("{9A19103F-16F7-4668-BE54-9A1E7A4F7556}") = "MyStore.API", "MyStore.API\MyStore.API.csproj", "{C53CAF7D-AA5C-4A93-96DE-64D8780B90C3}"
EndProject
Project("{2150E333-8FDC-42A3-9474-1A3956D46DE8}") = "Infra.Bus", "Infra.Bus", "{A79C03BE-D58E-40EE-9E86-70B75BA81B7E}"
EndProject
Project("{FAE04EC0-301F-11D3-BF4B-00C04F79EFBC}") = "MyStore.Infra.Bus", "MyStore.Infra.Bus\MyStore.Infra.Bus.csproj", "{3D062626-1965-426E-BC2A-0D27D01845A8}"
EndProject
Project("{FAE04EC0-301F-11D3-BF4B-00C04F79EFBC}") = "MyStore.Domain.Core", "MyStore.Domain.Core\MyStore.Domain.Core.csproj", "{F2B117D9-327F-49A2-B178-019DAADB2AC0}"
EndProject
Global
	GlobalSection(SolutionConfigurationPlatforms) = preSolution
		Debug|Any CPU = Debug|Any CPU
		Release|Any CPU = Release|Any CPU
	EndGlobalSection
	GlobalSection(ProjectConfigurationPlatforms) = postSolution
		{A0F9CB54-529D-444C-82E5-FE3FEC3B5320}.Debug|Any CPU.ActiveCfg = Debug|Any CPU
		{A0F9CB54-529D-444C-82E5-FE3FEC3B5320}.Debug|Any CPU.Build.0 = Debug|Any CPU
		{A0F9CB54-529D-444C-82E5-FE3FEC3B5320}.Release|Any CPU.ActiveCfg = Release|Any CPU
		{A0F9CB54-529D-444C-82E5-FE3FEC3B5320}.Release|Any CPU.Build.0 = Release|Any CPU
		{9CACC864-8B3A-495C-AB91-119A3A4151D9}.Debug|Any CPU.ActiveCfg = Debug|Any CPU
		{9CACC864-8B3A-495C-AB91-119A3A4151D9}.Debug|Any CPU.Build.0 = Debug|Any CPU
		{9CACC864-8B3A-495C-AB91-119A3A4151D9}.Release|Any CPU.ActiveCfg = Release|Any CPU
		{9CACC864-8B3A-495C-AB91-119A3A4151D9}.Release|Any CPU.Build.0 = Release|Any CPU
		{EE454A57-2822-4FCE-A8CF-E2334CA4EAC8}.Debug|Any CPU.ActiveCfg = Debug|Any CPU
		{EE454A57-2822-4FCE-A8CF-E2334CA4EAC8}.Debug|Any CPU.Build.0 = Debug|Any CPU
		{EE454A57-2822-4FCE-A8CF-E2334CA4EAC8}.Release|Any CPU.ActiveCfg = Release|Any CPU
		{EE454A57-2822-4FCE-A8CF-E2334CA4EAC8}.Release|Any CPU.Build.0 = Release|Any CPU
		{FAE890D8-D172-48F8-846F-C2C1430CFBA8}.Debug|Any CPU.ActiveCfg = Debug|Any CPU
		{FAE890D8-D172-48F8-846F-C2C1430CFBA8}.Debug|Any CPU.Build.0 = Debug|Any CPU
		{FAE890D8-D172-48F8-846F-C2C1430CFBA8}.Release|Any CPU.ActiveCfg = Release|Any CPU
		{FAE890D8-D172-48F8-846F-C2C1430CFBA8}.Release|Any CPU.Build.0 = Release|Any CPU
		{A1AF9050-D8AB-4C76-8B99-7666A9BB1DB7}.Debug|Any CPU.ActiveCfg = Debug|Any CPU
		{A1AF9050-D8AB-4C76-8B99-7666A9BB1DB7}.Debug|Any CPU.Build.0 = Debug|Any CPU
		{A1AF9050-D8AB-4C76-8B99-7666A9BB1DB7}.Release|Any CPU.ActiveCfg = Release|Any CPU
		{A1AF9050-D8AB-4C76-8B99-7666A9BB1DB7}.Release|Any CPU.Build.0 = Release|Any CPU
		{C53CAF7D-AA5C-4A93-96DE-64D8780B90C3}.Debug|Any CPU.ActiveCfg = Debug|Any CPU
		{C53CAF7D-AA5C-4A93-96DE-64D8780B90C3}.Debug|Any CPU.Build.0 = Debug|Any CPU
		{C53CAF7D-AA5C-4A93-96DE-64D8780B90C3}.Release|Any CPU.ActiveCfg = Release|Any CPU
		{C53CAF7D-AA5C-4A93-96DE-64D8780B90C3}.Release|Any CPU.Build.0 = Release|Any CPU
		{3D062626-1965-426E-BC2A-0D27D01845A8}.Debug|Any CPU.ActiveCfg = Debug|Any CPU
		{3D062626-1965-426E-BC2A-0D27D01845A8}.Debug|Any CPU.Build.0 = Debug|Any CPU
		{3D062626-1965-426E-BC2A-0D27D01845A8}.Release|Any CPU.ActiveCfg = Release|Any CPU
		{3D062626-1965-426E-BC2A-0D27D01845A8}.Release|Any CPU.Build.0 = Release|Any CPU
		{F2B117D9-327F-49A2-B178-019DAADB2AC0}.Debug|Any CPU.ActiveCfg = Debug|Any CPU
		{F2B117D9-327F-49A2-B178-019DAADB2AC0}.Debug|Any CPU.Build.0 = Debug|Any CPU
		{F2B117D9-327F-49A2-B178-019DAADB2AC0}.Release|Any CPU.ActiveCfg = Release|Any CPU
		{F2B117D9-327F-49A2-B178-019DAADB2AC0}.Release|Any CPU.Build.0 = Release|Any CPU
	EndGlobalSection
	GlobalSection(SolutionProperties) = preSolution
		HideSolutionNode = FALSE
	EndGlobalSection
	GlobalSection(NestedProjects) = preSolution
		{A0F9CB54-529D-444C-82E5-FE3FEC3B5320} = {A7B1A9A1-350C-4A7B-8BDA-5F1ADB8644B7}
		{9CACC864-8B3A-495C-AB91-119A3A4151D9} = {E9E11FBA-6515-4342-BC88-3D205E966269}
		{EE454A57-2822-4FCE-A8CF-E2334CA4EAC8} = {0DFB446A-9467-4DD3-96A9-12F5B80B70D0}
		{FAE890D8-D172-48F8-846F-C2C1430CFBA8} = {74BE479C-02FC-4B8D-9337-EBF476C7AEAF}
		{A1AF9050-D8AB-4C76-8B99-7666A9BB1DB7} = {695776B2-4B4E-4C24-A3FD-7FFE0297619F}
		{C53CAF7D-AA5C-4A93-96DE-64D8780B90C3} = {CEDE46E1-2E8A-4B0A-9F0A-2DD8ECDC2782}
		{3D062626-1965-426E-BC2A-0D27D01845A8} = {A79C03BE-D58E-40EE-9E86-70B75BA81B7E}
		{F2B117D9-327F-49A2-B178-019DAADB2AC0} = {E9E11FBA-6515-4342-BC88-3D205E966269}
	EndGlobalSection
	GlobalSection(ExtensibilityGlobals) = postSolution
		SolutionGuid = {50C608FB-E72E-4F6D-A841-F4272A3A1F30}
	EndGlobalSection
EndGlobal
